// !$*UTF8*$!
{
	archiveVersion = 1;
	classes = {
	};
	objectVersion = 46;
	objects = {

/* Begin PBXBuildFile section */
		43F26FD51E3D344E006D2171 /* AppDelegate.swift in Sources */ = {isa = PBXBuildFile; fileRef = 43F26FD41E3D344E006D2171 /* AppDelegate.swift */; };
		43F26FD71E3D344E006D2171 /* ViewController.swift in Sources */ = {isa = PBXBuildFile; fileRef = 43F26FD61E3D344E006D2171 /* ViewController.swift */; };
		43F26FDA1E3D344E006D2171 /* Main.storyboard in Resources */ = {isa = PBXBuildFile; fileRef = 43F26FD81E3D344E006D2171 /* Main.storyboard */; };
		43F26FDC1E3D344E006D2171 /* Assets.xcassets in Resources */ = {isa = PBXBuildFile; fileRef = 43F26FDB1E3D344E006D2171 /* Assets.xcassets */; };
		43F26FDF1E3D344E006D2171 /* LaunchScreen.storyboard in Resources */ = {isa = PBXBuildFile; fileRef = 43F26FDD1E3D344E006D2171 /* LaunchScreen.storyboard */; };
		43F26FE71E3D3FFB006D2171 /* GoogleService-Info.plist in Resources */ = {isa = PBXBuildFile; fileRef = 43F26FE61E3D3FFB006D2171 /* GoogleService-Info.plist */; };
		FA890DF947DD9FF44DE79E62 /* Pods_mchacks17.framework in Frameworks */ = {isa = PBXBuildFile; fileRef = 1E7F32422AE4D6D398304FF6 /* Pods_mchacks17.framework */; };
/* End PBXBuildFile section */

/* Begin PBXFileReference section */
		1E7F32422AE4D6D398304FF6 /* Pods_mchacks17.framework */ = {isa = PBXFileReference; explicitFileType = wrapper.framework; includeInIndex = 0; path = Pods_mchacks17.framework; sourceTree = BUILT_PRODUCTS_DIR; };
		29A1AC246ABBA9C129853CEC /* Pods-mchacks17.release.xcconfig */ = {isa = PBXFileReference; includeInIndex = 1; lastKnownFileType = text.xcconfig; name = "Pods-mchacks17.release.xcconfig"; path = "Pods/Target Support Files/Pods-mchacks17/Pods-mchacks17.release.xcconfig"; sourceTree = "<group>"; };
		43F26FD11E3D344E006D2171 /* mchacks17.app */ = {isa = PBXFileReference; explicitFileType = wrapper.application; includeInIndex = 0; path = mchacks17.app; sourceTree = BUILT_PRODUCTS_DIR; };
		43F26FD41E3D344E006D2171 /* AppDelegate.swift */ = {isa = PBXFileReference; lastKnownFileType = sourcecode.swift; path = AppDelegate.swift; sourceTree = "<group>"; };
		43F26FD61E3D344E006D2171 /* ViewController.swift */ = {isa = PBXFileReference; lastKnownFileType = sourcecode.swift; path = ViewController.swift; sourceTree = "<group>"; };
		43F26FD91E3D344E006D2171 /* Base */ = {isa = PBXFileReference; lastKnownFileType = file.storyboard; name = Base; path = Base.lproj/Main.storyboard; sourceTree = "<group>"; };
		43F26FDB1E3D344E006D2171 /* Assets.xcassets */ = {isa = PBXFileReference; lastKnownFileType = folder.assetcatalog; path = Assets.xcassets; sourceTree = "<group>"; };
		43F26FDE1E3D344E006D2171 /* Base */ = {isa = PBXFileReference; lastKnownFileType = file.storyboard; name = Base; path = Base.lproj/LaunchScreen.storyboard; sourceTree = "<group>"; };
		43F26FE01E3D344E006D2171 /* Info.plist */ = {isa = PBXFileReference; lastKnownFileType = text.plist.xml; path = Info.plist; sourceTree = "<group>"; };
		43F26FE61E3D3FFB006D2171 /* GoogleService-Info.plist */ = {isa = PBXFileReference; fileEncoding = 4; lastKnownFileType = text.plist.xml; path = "GoogleService-Info.plist"; sourceTree = "<group>"; };
		CC8AB6C59F58CC1F83FBF925 /* Pods-mchacks17.debug.xcconfig */ = {isa = PBXFileReference; includeInIndex = 1; lastKnownFileType = text.xcconfig; name = "Pods-mchacks17.debug.xcconfig"; path = "Pods/Target Support Files/Pods-mchacks17/Pods-mchacks17.debug.xcconfig"; sourceTree = "<group>"; };
/* End PBXFileReference section */

/* Begin PBXFrameworksBuildPhase section */
		43F26FCE1E3D344E006D2171 /* Frameworks */ = {
			isa = PBXFrameworksBuildPhase;
			buildActionMask = 2147483647;
			files = (
				FA890DF947DD9FF44DE79E62 /* Pods_mchacks17.framework in Frameworks */,
			);
			runOnlyForDeploymentPostprocessing = 0;
		};
/* End PBXFrameworksBuildPhase section */

/* Begin PBXGroup section */
		286B080CA089331D64DEABD1 /* Frameworks */ = {
			isa = PBXGroup;
			children = (
				1E7F32422AE4D6D398304FF6 /* Pods_mchacks17.framework */,
			);
			name = Frameworks;
			sourceTree = "<group>";
		};
		43F26FC81E3D344E006D2171 = {
			isa = PBXGroup;
			children = (
				43F26FD31E3D344E006D2171 /* mchacks17 */,
				43F26FD21E3D344E006D2171 /* Products */,
				8814C682C958877C6EBA96AC /* Pods */,
				286B080CA089331D64DEABD1 /* Frameworks */,
			);
			sourceTree = "<group>";
		};
		43F26FD21E3D344E006D2171 /* Products */ = {
			isa = PBXGroup;
			children = (
				43F26FD11E3D344E006D2171 /* mchacks17.app */,
			);
			name = Products;
			sourceTree = "<group>";
		};
		43F26FD31E3D344E006D2171 /* mchacks17 */ = {
			isa = PBXGroup;
			children = (
				43F26FE61E3D3FFB006D2171 /* GoogleService-Info.plist */,
				43F26FD41E3D344E006D2171 /* AppDelegate.swift */,
				43F26FD61E3D344E006D2171 /* ViewController.swift */,
				43F26FD81E3D344E006D2171 /* Main.storyboard */,
				43F26FDB1E3D344E006D2171 /* Assets.xcassets */,
				43F26FDD1E3D344E006D2171 /* LaunchScreen.storyboard */,
				43F26FE01E3D344E006D2171 /* Info.plist */,
			);
			path = mchacks17;
			sourceTree = "<group>";
		};
		8814C682C958877C6EBA96AC /* Pods */ = {
			isa = PBXGroup;
			children = (
				CC8AB6C59F58CC1F83FBF925 /* Pods-mchacks17.debug.xcconfig */,
				29A1AC246ABBA9C129853CEC /* Pods-mchacks17.release.xcconfig */,
			);
			name = Pods;
			sourceTree = "<group>";
		};
/* End PBXGroup section */

/* Begin PBXNativeTarget section */
		43F26FD01E3D344E006D2171 /* mchacks17 */ = {
			isa = PBXNativeTarget;
			buildConfigurationList = 43F26FE31E3D344E006D2171 /* Build configuration list for PBXNativeTarget "mchacks17" */;
			buildPhases = (
				25E76380B8E7D0CBC78357A4 /* [CP] Check Pods Manifest.lock */,
				43F26FCD1E3D344E006D2171 /* Sources */,
				43F26FCE1E3D344E006D2171 /* Frameworks */,
				43F26FCF1E3D344E006D2171 /* Resources */,
				B11C4611FC01FE50FC52C81B /* [CP] Embed Pods Frameworks */,
				546B1A726360099B1DF8ACFB /* [CP] Copy Pods Resources */,
			);
			buildRules = (
			);
			dependencies = (
			);
			name = mchacks17;
			productName = mchacks17;
			productReference = 43F26FD11E3D344E006D2171 /* mchacks17.app */;
			productType = "com.apple.product-type.application";
		};
/* End PBXNativeTarget section */

/* Begin PBXProject section */
		43F26FC91E3D344E006D2171 /* Project object */ = {
			isa = PBXProject;
			attributes = {
				LastSwiftUpdateCheck = 0820;
				LastUpgradeCheck = 0820;
				ORGANIZATIONNAME = "Jonathan Adalin";
				TargetAttributes = {
					43F26FD01E3D344E006D2171 = {
						CreatedOnToolsVersion = 8.2.1;
						ProvisioningStyle = Automatic;
					};
				};
			};
			buildConfigurationList = 43F26FCC1E3D344E006D2171 /* Build configuration list for PBXProject "mchacks17" */;
			compatibilityVersion = "Xcode 3.2";
			developmentRegion = English;
			hasScannedForEncodings = 0;
			knownRegions = (
				en,
				Base,
			);
			mainGroup = 43F26FC81E3D344E006D2171;
			productRefGroup = 43F26FD21E3D344E006D2171 /* Products */;
			projectDirPath = "";
			projectRoot = "";
			targets = (
				43F26FD01E3D344E006D2171 /* mchacks17 */,
			);
		};
/* End PBXProject section */

/* Begin PBXResourcesBuildPhase section */
		43F26FCF1E3D344E006D2171 /* Resources */ = {
			isa = PBXResourcesBuildPhase;
			buildActionMask = 2147483647;
			files = (
				43F26FDF1E3D344E006D2171 /* LaunchScreen.storyboard in Resources */,
				43F26FE71E3D3FFB006D2171 /* GoogleService-Info.plist in Resources */,
				43F26FDC1E3D344E006D2171 /* Assets.xcassets in Resources */,
				43F26FDA1E3D344E006D2171 /* Main.storyboard in Resources */,
			);
			runOnlyForDeploymentPostprocessing = 0;
		};
/* End PBXResourcesBuildPhase section */

/* Begin PBXShellScriptBuildPhase section */
		25E76380B8E7D0CBC78357A4 /* [CP] Check Pods Manifest.lock */ = {
			isa = PBXShellScriptBuildPhase;
			buildActionMask = 2147483647;
			files = (
			);
			inputPaths = (
			);
			name = "[CP] Check Pods Manifest.lock";
			outputPaths = (
			);
			runOnlyForDeploymentPostprocessing = 0;
			shellPath = /bin/sh;
			shellScript = "diff \"${PODS_ROOT}/../Podfile.lock\" \"${PODS_ROOT}/Manifest.lock\" > /dev/null\nif [ $? != 0 ] ; then\n    # print error to STDERR\n    echo \"error: The sandbox is not in sync with the Podfile.lock. Run 'pod install' or update your CocoaPods installation.\" >&2\n    exit 1\nfi\n";
			showEnvVarsInLog = 0;
		};
		546B1A726360099B1DF8ACFB /* [CP] Copy Pods Resources */ = {
			isa = PBXShellScriptBuildPhase;
			buildActionMask = 2147483647;
			files = (
			);
			inputPaths = (
			);
			name = "[CP] Copy Pods Resources";
			outputPaths = (
			);
			runOnlyForDeploymentPostprocessing = 0;
			shellPath = /bin/sh;
			shellScript = "\"${SRCROOT}/Pods/Target Support Files/Pods-mchacks17/Pods-mchacks17-resources.sh\"\n";
			showEnvVarsInLog = 0;
		};
		B11C4611FC01FE50FC52C81B /* [CP] Embed Pods Frameworks */ = {
			isa = PBXShellScriptBuildPhase;
			buildActionMask = 2147483647;
			files = (
			);
			inputPaths = (
			);
			name = "[CP] Embed Pods Frameworks";
			outputPaths = (
			);
			runOnlyForDeploymentPostprocessing = 0;
			shellPath = /bin/sh;
			shellScript = "\"${SRCROOT}/Pods/Target Support Files/Pods-mchacks17/Pods-mchacks17-frameworks.sh\"\n";
			showEnvVarsInLog = 0;
		};
/* End PBXShellScriptBuildPhase section */

/* Begin PBXSourcesBuildPhase section */
		43F26FCD1E3D344E006D2171 /* Sources */ = {
			isa = PBXSourcesBuildPhase;
			buildActionMask = 2147483647;
			files = (
				43F26FD71E3D344E006D2171 /* ViewController.swift in Sources */,
				43F26FD51E3D344E006D2171 /* AppDelegate.swift in Sources */,
			);
			runOnlyForDeploymentPostprocessing = 0;
		};
/* End PBXSourcesBuildPhase section */

/* Begin PBXVariantGroup section */
		43F26FD81E3D344E006D2171 /* Main.storyboard */ = {
			isa = PBXVariantGroup;
			children = (
				43F26FD91E3D344E006D2171 /* Base */,
			);
			name = Main.storyboard;
			sourceTree = "<group>";
		};
		43F26FDD1E3D344E006D2171 /* LaunchScreen.storyboard */ = {
			isa = PBXVariantGroup;
			children = (
				43F26FDE1E3D344E006D2171 /* Base */,
			);
			name = LaunchScreen.storyboard;
			sourceTree = "<group>";
		};
/* End PBXVariantGroup section */

/* Begin XCBuildConfiguration section */
		43F26FE11E3D344E006D2171 /* Debug */ = {
			isa = XCBuildConfiguration;
			buildSettings = {
				ALWAYS_SEARCH_USER_PATHS = NO;
				CLANG_ANALYZER_NONNULL = YES;
				CLANG_CXX_LANGUAGE_STANDARD = "gnu++0x";
				CLANG_CXX_LIBRARY = "libc++";
				CLANG_ENABLE_MODULES = YES;
				CLANG_ENABLE_OBJC_ARC = YES;
				CLANG_WARN_BOOL_CONVERSION = YES;
				CLANG_WARN_CONSTANT_CONVERSION = YES;
				CLANG_WARN_DIRECT_OBJC_ISA_USAGE = YES_ERROR;
				CLANG_WARN_DOCUMENTATION_COMMENTS = YES;
				CLANG_WARN_EMPTY_BODY = YES;
				CLANG_WARN_ENUM_CONVERSION = YES;
				CLANG_WARN_INFINITE_RECURSION = YES;
				CLANG_WARN_INT_CONVERSION = YES;
				CLANG_WARN_OBJC_ROOT_CLASS = YES_ERROR;
				CLANG_WARN_SUSPICIOUS_MOVE = YES;
				CLANG_WARN_UNREACHABLE_CODE = YES;
				CLANG_WARN__DUPLICATE_METHOD_MATCH = YES;
				"CODE_SIGN_IDENTITY[sdk=iphoneos*]" = "iPhone Developer";
				COPY_PHASE_STRIP = NO;
				DEBUG_INFORMATION_FORMAT = dwarf;
				ENABLE_STRICT_OBJC_MSGSEND = YES;
				ENABLE_TESTABILITY = YES;
				GCC_C_LANGUAGE_STANDARD = gnu99;
				GCC_DYNAMIC_NO_PIC = NO;
				GCC_NO_COMMON_BLOCKS = YES;
				GCC_OPTIMIZATION_LEVEL = 0;
				GCC_PREPROCESSOR_DEFINITIONS = (
					"DEBUG=1",
					"$(inherited)",
				);
				GCC_WARN_64_TO_32_BIT_CONVERSION = YES;
				GCC_WARN_ABOUT_RETURN_TYPE = YES_ERROR;
				GCC_WARN_UNDECLARED_SELECTOR = YES;
				GCC_WARN_UNINITIALIZED_AUTOS = YES_AGGRESSIVE;
				GCC_WARN_UNUSED_FUNCTION = YES;
				GCC_WARN_UNUSED_VARIABLE = YES;
				IPHONEOS_DEPLOYMENT_TARGET = 10.2;
				MTL_ENABLE_DEBUG_INFO = YES;
				ONLY_ACTIVE_ARCH = YES;
				SDKROOT = iphoneos;
				SWIFT_ACTIVE_COMPILATION_CONDITIONS = DEBUG;
				SWIFT_OPTIMIZATION_LEVEL = "-Onone";
			};
			name = Debug;
		};
		43F26FE21E3D344E006D2171 /* Release */ = {
			isa = XCBuildConfiguration;
			buildSettings = {
				ALWAYS_SEARCH_USER_PATHS = NO;
				CLANG_ANALYZER_NONNULL = YES;
				CLANG_CXX_LANGUAGE_STANDARD = "gnu++0x";
				CLANG_CXX_LIBRARY = "libc++";
				CLANG_ENABLE_MODULES = YES;
				CLANG_ENABLE_OBJC_ARC = YES;
				CLANG_WARN_BOOL_CONVERSION = YES;
				CLANG_WARN_CONSTANT_CONVERSION = YES;
				CLANG_WARN_DIRECT_OBJC_ISA_USAGE = YES_ERROR;
				CLANG_WARN_DOCUMENTATION_COMMENTS = YES;
				CLANG_WARN_EMPTY_BODY = YES;
				CLANG_WARN_ENUM_CONVERSION = YES;
				CLANG_WARN_INFINITE_RECURSION = YES;
				CLANG_WARN_INT_CONVERSION = YES;
				CLANG_WARN_OBJC_ROOT_CLASS = YES_ERROR;
				CLANG_WARN_SUSPICIOUS_MOVE = YES;
				CLANG_WARN_UNREACHABLE_CODE = YES;
				CLANG_WARN__DUPLICATE_METHOD_MATCH = YES;
				"CODE_SIGN_IDENTITY[sdk=iphoneos*]" = "iPhone Developer";
				COPY_PHASE_STRIP = NO;
				DEBUG_INFORMATION_FORMAT = "dwarf-with-dsym";
				ENABLE_NS_ASSERTIONS = NO;
				ENABLE_STRICT_OBJC_MSGSEND = YES;
				GCC_C_LANGUAGE_STANDARD = gnu99;
				GCC_NO_COMMON_BLOCKS = YES;
				GCC_WARN_64_TO_32_BIT_CONVERSION = YES;
				GCC_WARN_ABOUT_RETURN_TYPE = YES_ERROR;
				GCC_WARN_UNDECLARED_SELECTOR = YES;
				GCC_WARN_UNINITIALIZED_AUTOS = YES_AGGRESSIVE;
				GCC_WARN_UNUSED_FUNCTION = YES;
				GCC_WARN_UNUSED_VARIABLE = YES;
				IPHONEOS_DEPLOYMENT_TARGET = 10.2;
				MTL_ENABLE_DEBUG_INFO = NO;
				SDKROOT = iphoneos;
				SWIFT_OPTIMIZATION_LEVEL = "-Owholemodule";
				VALIDATE_PRODUCT = YES;
			};
			name = Release;
		};
		43F26FE41E3D344E006D2171 /* Debug */ = {
			isa = XCBuildConfiguration;
			baseConfigurationReference = CC8AB6C59F58CC1F83FBF925 /* Pods-mchacks17.debug.xcconfig */;
			buildSettings = {
				ASSETCATALOG_COMPILER_APPICON_NAME = AppIcon;
				INFOPLIST_FILE = mchacks17/Info.plist;
				LD_RUNPATH_SEARCH_PATHS = "$(inherited) @executable_path/Frameworks";
				PRODUCT_BUNDLE_IDENTIFIER = com.JonathanAdalin.mchacks17;
				PRODUCT_NAME = "$(TARGET_NAME)";
				SWIFT_VERSION = 3.0;
			};
			name = Debug;
		};
		43F26FE51E3D344E006D2171 /* Release */ = {
			isa = XCBuildConfiguration;
			baseConfigurationReference = 29A1AC246ABBA9C129853CEC /* Pods-mchacks17.release.xcconfig */;
			buildSettings = {
				ASSETCATALOG_COMPILER_APPICON_NAME = AppIcon;
				INFOPLIST_FILE = mchacks17/Info.plist;
				LD_RUNPATH_SEARCH_PATHS = "$(inherited) @executable_path/Frameworks";
				PRODUCT_BUNDLE_IDENTIFIER = com.JonathanAdalin.mchacks17;
				PRODUCT_NAME = "$(TARGET_NAME)";
				SWIFT_VERSION = 3.0;
			};
			name = Release;
		};
/* End XCBuildConfiguration section */

/* Begin XCConfigurationList section */
		43F26FCC1E3D344E006D2171 /* Build configuration list for PBXProject "mchacks17" */ = {
			isa = XCConfigurationList;
			buildConfigurations = (
				43F26FE11E3D344E006D2171 /* Debug */,
				43F26FE21E3D344E006D2171 /* Release */,
			);
			defaultConfigurationIsVisible = 0;
			defaultConfigurationName = Release;
		};
		43F26FE31E3D344E006D2171 /* Build configuration list for PBXNativeTarget "mchacks17" */ = {
			isa = XCConfigurationList;
			buildConfigurations = (
				43F26FE41E3D344E006D2171 /* Debug */,
				43F26FE51E3D344E006D2171 /* Release */,
			);
			defaultConfigurationIsVisible = 0;
		};
/* End XCConfigurationList section */
	};
	rootObject = 43F26FC91E3D344E006D2171 /* Project object */;
}
